<?xml version="1.0" encoding="utf-8"?>
<Project ToolsVersion="4.0" xmlns="http://schemas.microsoft.com/developer/msbuild/2003">
  <ItemGroup>
    <Filter Include="FlyTac">
      <UniqueIdentifier>{a3d97b12-cb7a-40fe-9629-1fde544b8175}</UniqueIdentifier>
    </Filter>
    <Filter Include="TacView">
      <UniqueIdentifier>{7c5f5246-b2f4-4c7d-b18d-28bf72a372e9}</UniqueIdentifier>
    </Filter>
    <Filter Include="Tools">
      <UniqueIdentifier>{b4a93c95-61bb-45cc-a4b3-24ff0b71a9ff}</UniqueIdentifier>
    </Filter>
    <Filter Include="CombatSim">
      <UniqueIdentifier>{0c82d5d3-4dea-4ab9-8095-e01c75d8959c}</UniqueIdentifier>
    </Filter>
  </ItemGroup>
  <ItemGroup>
    <ClCompile Include="..\Source\FlyTac\aircraft.cpp">
      <Filter>FlyTac</Filter>
    </ClCompile>
    <ClCompile Include="..\Source\FlyTac\missile.cpp">
      <Filter>FlyTac</Filter>
    </ClCompile>
    <ClCompile Include="..\Source\TacView\TacViewFile_T.cpp">
      <Filter>TacView</Filter>
    </ClCompile>
    <ClCompile Include="..\Source\TacView\TacViewOutput.cpp">
      <Filter>TacView</Filter>
    </ClCompile>
    <ClCompile Include="..\Source\TacView\TacViewServer_T.cpp">
      <Filter>TacView</Filter>
    </ClCompile>
    <ClCompile Include="..\Source\Tools\coordinate.cpp">
      <Filter>Tools</Filter>
    </ClCompile>
    <ClCompile Include="..\Source\Tools\JoySticks.cpp">
      <Filter>Tools</Filter>
    </ClCompile>
    <ClCompile Include="..\Source\Tools\tool_function.cpp">
      <Filter>Tools</Filter>
    </ClCompile>
    <ClCompile Include="..\Source\demo\AirCombat_demo.cpp" />
    <ClCompile Include="..\Source\CombatSimulation\UnitDefine.cpp">
      <Filter>CombatSim</Filter>
    </ClCompile>
  </ItemGroup>
  <ItemGroup>
    <ClInclude Include="..\Source\FlyTac\aircraft.h">
      <Filter>FlyTac</Filter>
    </ClInclude>
    <ClInclude Include="..\Source\FlyTac\missile.h">
      <Filter>FlyTac</Filter>
    </ClInclude>
    <ClInclude Include="..\Source\TacView\TacViewDefine.h">
      <Filter>TacView</Filter>
    </ClInclude>
    <ClInclude Include="..\Source\TacView\TacViewFile_T.h">
      <Filter>TacView</Filter>
    </ClInclude>
    <ClInclude Include="..\Source\TacView\TacViewOutput.h">
      <Filter>TacView</Filter>
    </ClInclude>
    <ClInclude Include="..\Source\TacView\TacViewServer_T.h">
      <Filter>TacView</Filter>
    </ClInclude>
    <ClInclude Include="..\Source\Tools\coordinate.h">
      <Filter>Tools</Filter>
    </ClInclude>
    <ClInclude Include="..\Source\Tools\JoySticks.h">
      <Filter>Tools</Filter>
    </ClInclude>
    <ClInclude Include="..\Source\Tools\tool_function.h">
      <Filter>Tools</Filter>
    </ClInclude>
    <ClInclude Include="..\Source\CombatSimulation\UnitDefine.h">
      <Filter>CombatSim</Filter>
    </ClInclude>
  </ItemGroup>
</Project>